
Microsoft Visual Studio Solution File, Format Version 12.00
# Visual Studio Version 16
VisualStudioVersion = 16.0.31911.196
MinimumVisualStudioVersion = 10.0.40219.1
Project("{9A19103F-16F7-4668-BE54-9A1E7A4F7556}") = "3D Tetris", "Source\3D Tetris\3D Tetris.csproj", "{2AE822D6-FD62-47C7-9D91-7F2B1A1D3AED}"
EndProject
Global
	GlobalSection(SolutionConfigurationPlatforms) = preSolution
		Debug|Any CPU = Debug|Any CPU
		Release|Any CPU = Release|Any CPU
	EndGlobalSection
	GlobalSection(ProjectConfigurationPlatforms) = postSolution
		{2AE822D6-FD62-47C7-9D91-7F2B1A1D3AED}.Debug|Any CPU.ActiveCfg = Debug|Any CPU
		{2AE822D6-FD62-47C7-9D91-7F2B1A1D3AED}.Debug|Any CPU.Build.0 = Debug|Any CPU
		{2AE822D6-FD62-47C7-9D91-7F2B1A1D3AED}.Release|Any CPU.ActiveCfg = Release|Any CPU
		{2AE822D6-FD62-47C7-9D91-7F2B1A1D3AED}.Release|Any CPU.Build.0 = Release|Any CPU
	EndGlobalSection
	GlobalSection(SolutionProperties) = preSolution
		HideSolutionNode = FALSE
	EndGlobalSection
	GlobalSection(ExtensibilityGlobals) = postSolution
		SolutionGuid = {4D404C2C-4BCF-4A09-AC1E-D3E290F78D6D}
	EndGlobalSection
EndGlobal
